// !$*UTF8*$!
{
	archiveVersion = 1;
	classes = {
	};
	objectVersion = 55;
	objects = {

/* Begin PBXBuildFile section */
		E8675D952830B65D00D5D7C0 /* APIHandler.swift in Sources */ = {isa = PBXBuildFile; fileRef = E8675D942830B65D00D5D7C0 /* APIHandler.swift */; };
		E8675D972830B67000D5D7C0 /* APILoader.swift in Sources */ = {isa = PBXBuildFile; fileRef = E8675D962830B67000D5D7C0 /* APILoader.swift */; };
		E8675D9A2830B76900D5D7C0 /* Auth0 in Frameworks */ = {isa = PBXBuildFile; productRef = E8675D992830B76900D5D7C0 /* Auth0 */; };
		E8675D9C2830B96C00D5D7C0 /* Auth0.plist in Resources */ = {isa = PBXBuildFile; fileRef = E8675D9B2830B96C00D5D7C0 /* Auth0.plist */; };
		E8675DA02830BC0500D5D7C0 /* UsersViewModel.swift in Sources */ = {isa = PBXBuildFile; fileRef = E8675D9F2830BC0500D5D7C0 /* UsersViewModel.swift */; };
		E8675DA22830BC1600D5D7C0 /* UsersUseCase.swift in Sources */ = {isa = PBXBuildFile; fileRef = E8675DA12830BC1600D5D7C0 /* UsersUseCase.swift */; };
		E8675DA42830BC2400D5D7C0 /* UsersRepository.swift in Sources */ = {isa = PBXBuildFile; fileRef = E8675DA32830BC2400D5D7C0 /* UsersRepository.swift */; };
		E8675DA62830BC3D00D5D7C0 /* UsersNetworkService.swift in Sources */ = {isa = PBXBuildFile; fileRef = E8675DA52830BC3D00D5D7C0 /* UsersNetworkService.swift */; };
		E8675DA82830BC5100D5D7C0 /* UsersDM.swift in Sources */ = {isa = PBXBuildFile; fileRef = E8675DA72830BC5100D5D7C0 /* UsersDM.swift */; };
		E8675DAB2830BF1400D5D7C0 /* BTConfiguration.swift in Sources */ = {isa = PBXBuildFile; fileRef = E8675DAA2830BF1400D5D7C0 /* BTConfiguration.swift */; };
		E8675DAD2830BF1F00D5D7C0 /* APIConstant.swift in Sources */ = {isa = PBXBuildFile; fileRef = E8675DAC2830BF1F00D5D7C0 /* APIConstant.swift */; };
		E8675DB02830C84700D5D7C0 /* UIViewController+Extension.swift in Sources */ = {isa = PBXBuildFile; fileRef = E8675DAF2830C84700D5D7C0 /* UIViewController+Extension.swift */; };
		E8F217EC282F479B00F60A1E /* AppDelegate.swift in Sources */ = {isa = PBXBuildFile; fileRef = E8F217EB282F479B00F60A1E /* AppDelegate.swift */; };
		E8F217EE282F479B00F60A1E /* SceneDelegate.swift in Sources */ = {isa = PBXBuildFile; fileRef = E8F217ED282F479B00F60A1E /* SceneDelegate.swift */; };
		E8F217F0282F479B00F60A1E /* ViewController.swift in Sources */ = {isa = PBXBuildFile; fileRef = E8F217EF282F479B00F60A1E /* ViewController.swift */; };
		E8F217F3282F479B00F60A1E /* Main.storyboard in Resources */ = {isa = PBXBuildFile; fileRef = E8F217F1282F479B00F60A1E /* Main.storyboard */; };
		E8F217F6282F479B00F60A1E /* BolttechApp.xcdatamodeld in Sources */ = {isa = PBXBuildFile; fileRef = E8F217F4282F479B00F60A1E /* BolttechApp.xcdatamodeld */; };
		E8F217F8282F479D00F60A1E /* Assets.xcassets in Resources */ = {isa = PBXBuildFile; fileRef = E8F217F7282F479D00F60A1E /* Assets.xcassets */; };
		E8F217FB282F479D00F60A1E /* LaunchScreen.storyboard in Resources */ = {isa = PBXBuildFile; fileRef = E8F217F9282F479D00F60A1E /* LaunchScreen.storyboard */; };
		E8F21806282F479D00F60A1E /* BolttechAppTests.swift in Sources */ = {isa = PBXBuildFile; fileRef = E8F21805282F479D00F60A1E /* BolttechAppTests.swift */; };
		E8F21810282F479D00F60A1E /* BolttechAppUITests.swift in Sources */ = {isa = PBXBuildFile; fileRef = E8F2180F282F479D00F60A1E /* BolttechAppUITests.swift */; };
		E8F21812282F479D00F60A1E /* BolttechAppUITestsLaunchTests.swift in Sources */ = {isa = PBXBuildFile; fileRef = E8F21811282F479D00F60A1E /* BolttechAppUITestsLaunchTests.swift */; };
/* End PBXBuildFile section */

/* Begin PBXContainerItemProxy section */
		E8F21802282F479D00F60A1E /* PBXContainerItemProxy */ = {
			isa = PBXContainerItemProxy;
			containerPortal = E8F217E0282F479B00F60A1E /* Project object */;
			proxyType = 1;
			remoteGlobalIDString = E8F217E7282F479B00F60A1E;
			remoteInfo = BolttechApp;
		};
		E8F2180C282F479D00F60A1E /* PBXContainerItemProxy */ = {
			isa = PBXContainerItemProxy;
			containerPortal = E8F217E0282F479B00F60A1E /* Project object */;
			proxyType = 1;
			remoteGlobalIDString = E8F217E7282F479B00F60A1E;
			remoteInfo = BolttechApp;
		};
/* End PBXContainerItemProxy section */

/* Begin PBXFileReference section */
		E8675D942830B65D00D5D7C0 /* APIHandler.swift */ = {isa = PBXFileReference; lastKnownFileType = sourcecode.swift; path = APIHandler.swift; sourceTree = "<group>"; };
		E8675D962830B67000D5D7C0 /* APILoader.swift */ = {isa = PBXFileReference; lastKnownFileType = sourcecode.swift; path = APILoader.swift; sourceTree = "<group>"; };
		E8675D9B2830B96C00D5D7C0 /* Auth0.plist */ = {isa = PBXFileReference; fileEncoding = 4; lastKnownFileType = text.plist.xml; path = Auth0.plist; sourceTree = "<group>"; };
		E8675D9F2830BC0500D5D7C0 /* UsersViewModel.swift */ = {isa = PBXFileReference; lastKnownFileType = sourcecode.swift; path = UsersViewModel.swift; sourceTree = "<group>"; };
		E8675DA12830BC1600D5D7C0 /* UsersUseCase.swift */ = {isa = PBXFileReference; lastKnownFileType = sourcecode.swift; path = UsersUseCase.swift; sourceTree = "<group>"; };
		E8675DA32830BC2400D5D7C0 /* UsersRepository.swift */ = {isa = PBXFileReference; lastKnownFileType = sourcecode.swift; path = UsersRepository.swift; sourceTree = "<group>"; };
		E8675DA52830BC3D00D5D7C0 /* UsersNetworkService.swift */ = {isa = PBXFileReference; lastKnownFileType = sourcecode.swift; path = UsersNetworkService.swift; sourceTree = "<group>"; };
		E8675DA72830BC5100D5D7C0 /* UsersDM.swift */ = {isa = PBXFileReference; lastKnownFileType = sourcecode.swift; path = UsersDM.swift; sourceTree = "<group>"; };
		E8675DAA2830BF1400D5D7C0 /* BTConfiguration.swift */ = {isa = PBXFileReference; lastKnownFileType = sourcecode.swift; path = BTConfiguration.swift; sourceTree = "<group>"; };
		E8675DAC2830BF1F00D5D7C0 /* APIConstant.swift */ = {isa = PBXFileReference; lastKnownFileType = sourcecode.swift; path = APIConstant.swift; sourceTree = "<group>"; };
		E8675DAF2830C84700D5D7C0 /* UIViewController+Extension.swift */ = {isa = PBXFileReference; lastKnownFileType = sourcecode.swift; path = "UIViewController+Extension.swift"; sourceTree = "<group>"; };
		E8F217E8282F479B00F60A1E /* BolttechApp.app */ = {isa = PBXFileReference; explicitFileType = wrapper.application; includeInIndex = 0; path = BolttechApp.app; sourceTree = BUILT_PRODUCTS_DIR; };
		E8F217EB282F479B00F60A1E /* AppDelegate.swift */ = {isa = PBXFileReference; lastKnownFileType = sourcecode.swift; path = AppDelegate.swift; sourceTree = "<group>"; };
		E8F217ED282F479B00F60A1E /* SceneDelegate.swift */ = {isa = PBXFileReference; lastKnownFileType = sourcecode.swift; path = SceneDelegate.swift; sourceTree = "<group>"; };
		E8F217EF282F479B00F60A1E /* ViewController.swift */ = {isa = PBXFileReference; lastKnownFileType = sourcecode.swift; path = ViewController.swift; sourceTree = "<group>"; };
		E8F217F2282F479B00F60A1E /* Base */ = {isa = PBXFileReference; lastKnownFileType = file.storyboard; name = Base; path = Base.lproj/Main.storyboard; sourceTree = "<group>"; };
		E8F217F5282F479B00F60A1E /* BolttechApp.xcdatamodel */ = {isa = PBXFileReference; lastKnownFileType = wrapper.xcdatamodel; path = BolttechApp.xcdatamodel; sourceTree = "<group>"; };
		E8F217F7282F479D00F60A1E /* Assets.xcassets */ = {isa = PBXFileReference; lastKnownFileType = folder.assetcatalog; path = Assets.xcassets; sourceTree = "<group>"; };
		E8F217FA282F479D00F60A1E /* Base */ = {isa = PBXFileReference; lastKnownFileType = file.storyboard; name = Base; path = Base.lproj/LaunchScreen.storyboard; sourceTree = "<group>"; };
		E8F217FC282F479D00F60A1E /* Info.plist */ = {isa = PBXFileReference; lastKnownFileType = text.plist.xml; path = Info.plist; sourceTree = "<group>"; };
		E8F21801282F479D00F60A1E /* BolttechAppTests.xctest */ = {isa = PBXFileReference; explicitFileType = wrapper.cfbundle; includeInIndex = 0; path = BolttechAppTests.xctest; sourceTree = BUILT_PRODUCTS_DIR; };
		E8F21805282F479D00F60A1E /* BolttechAppTests.swift */ = {isa = PBXFileReference; lastKnownFileType = sourcecode.swift; path = BolttechAppTests.swift; sourceTree = "<group>"; };
		E8F2180B282F479D00F60A1E /* BolttechAppUITests.xctest */ = {isa = PBXFileReference; explicitFileType = wrapper.cfbundle; includeInIndex = 0; path = BolttechAppUITests.xctest; sourceTree = BUILT_PRODUCTS_DIR; };
		E8F2180F282F479D00F60A1E /* BolttechAppUITests.swift */ = {isa = PBXFileReference; lastKnownFileType = sourcecode.swift; path = BolttechAppUITests.swift; sourceTree = "<group>"; };
		E8F21811282F479D00F60A1E /* BolttechAppUITestsLaunchTests.swift */ = {isa = PBXFileReference; lastKnownFileType = sourcecode.swift; path = BolttechAppUITestsLaunchTests.swift; sourceTree = "<group>"; };
/* End PBXFileReference section */

/* Begin PBXFrameworksBuildPhase section */
		E8F217E5282F479B00F60A1E /* Frameworks */ = {
			isa = PBXFrameworksBuildPhase;
			buildActionMask = 2147483647;
			files = (
				E8675D9A2830B76900D5D7C0 /* Auth0 in Frameworks */,
			);
			runOnlyForDeploymentPostprocessing = 0;
		};
		E8F217FE282F479D00F60A1E /* Frameworks */ = {
			isa = PBXFrameworksBuildPhase;
			buildActionMask = 2147483647;
			files = (
			);
			runOnlyForDeploymentPostprocessing = 0;
		};
		E8F21808282F479D00F60A1E /* Frameworks */ = {
			isa = PBXFrameworksBuildPhase;
			buildActionMask = 2147483647;
			files = (
			);
			runOnlyForDeploymentPostprocessing = 0;
		};
/* End PBXFrameworksBuildPhase section */

/* Begin PBXGroup section */
		E8675D932830B64B00D5D7C0 /* Network */ = {
			isa = PBXGroup;
			children = (
				E8675D962830B67000D5D7C0 /* APILoader.swift */,
				E8675D942830B65D00D5D7C0 /* APIHandler.swift */,
			);
			path = Network;
			sourceTree = "<group>";
		};
		E8675D9D2830BBBD00D5D7C0 /* Modules */ = {
			isa = PBXGroup;
			children = (
				E8675D9E2830BBE600D5D7C0 /* User */,
			);
			path = Modules;
			sourceTree = "<group>";
		};
		E8675D9E2830BBE600D5D7C0 /* User */ = {
			isa = PBXGroup;
			children = (
				E8675D9F2830BC0500D5D7C0 /* UsersViewModel.swift */,
				E8675DA12830BC1600D5D7C0 /* UsersUseCase.swift */,
				E8675DA32830BC2400D5D7C0 /* UsersRepository.swift */,
				E8675DA52830BC3D00D5D7C0 /* UsersNetworkService.swift */,
				E8675DA72830BC5100D5D7C0 /* UsersDM.swift */,
			);
			path = User;
			sourceTree = "<group>";
		};
		E8675DA92830BEE600D5D7C0 /* Configurations */ = {
			isa = PBXGroup;
			children = (
				E8675DAA2830BF1400D5D7C0 /* BTConfiguration.swift */,
				E8675DAC2830BF1F00D5D7C0 /* APIConstant.swift */,
			);
			path = Configurations;
			sourceTree = "<group>";
		};
		E8675DAE2830C82E00D5D7C0 /* HelperClasses */ = {
			isa = PBXGroup;
			children = (
				E8675DAF2830C84700D5D7C0 /* UIViewController+Extension.swift */,
			);
			path = HelperClasses;
			sourceTree = "<group>";
		};
		E8675DB128310BBE00D5D7C0 /* DelegateClasses */ = {
			isa = PBXGroup;
			children = (
				E8F217EB282F479B00F60A1E /* AppDelegate.swift */,
				E8F217ED282F479B00F60A1E /* SceneDelegate.swift */,
			);
			path = DelegateClasses;
			sourceTree = "<group>";
		};
		E8675DB228310BDA00D5D7C0 /* MainVC */ = {
			isa = PBXGroup;
			children = (
				E8F217EF282F479B00F60A1E /* ViewController.swift */,
			);
			path = MainVC;
			sourceTree = "<group>";
		};
		E8F217DF282F479B00F60A1E = {
			isa = PBXGroup;
			children = (
				E8F217EA282F479B00F60A1E /* BolttechApp */,
				E8F21804282F479D00F60A1E /* BolttechAppTests */,
				E8F2180E282F479D00F60A1E /* BolttechAppUITests */,
				E8F217E9282F479B00F60A1E /* Products */,
			);
			sourceTree = "<group>";
		};
		E8F217E9282F479B00F60A1E /* Products */ = {
			isa = PBXGroup;
			children = (
				E8F217E8282F479B00F60A1E /* BolttechApp.app */,
				E8F21801282F479D00F60A1E /* BolttechAppTests.xctest */,
				E8F2180B282F479D00F60A1E /* BolttechAppUITests.xctest */,
			);
			name = Products;
			sourceTree = "<group>";
		};
		E8F217EA282F479B00F60A1E /* BolttechApp */ = {
			isa = PBXGroup;
			children = (
				E8675D9B2830B96C00D5D7C0 /* Auth0.plist */,
				E8675DB228310BDA00D5D7C0 /* MainVC */,
				E8675DB128310BBE00D5D7C0 /* DelegateClasses */,
				E8675DAE2830C82E00D5D7C0 /* HelperClasses */,
				E8675DA92830BEE600D5D7C0 /* Configurations */,
				E8675D9D2830BBBD00D5D7C0 /* Modules */,
				E8675D932830B64B00D5D7C0 /* Network */,
				E8F217F1282F479B00F60A1E /* Main.storyboard */,
				E8F217F7282F479D00F60A1E /* Assets.xcassets */,
				E8F217F9282F479D00F60A1E /* LaunchScreen.storyboard */,
				E8F217FC282F479D00F60A1E /* Info.plist */,
				E8F217F4282F479B00F60A1E /* BolttechApp.xcdatamodeld */,
			);
			path = BolttechApp;
			sourceTree = "<group>";
		};
		E8F21804282F479D00F60A1E /* BolttechAppTests */ = {
			isa = PBXGroup;
			children = (
				E8F21805282F479D00F60A1E /* BolttechAppTests.swift */,
			);
			path = BolttechAppTests;
			sourceTree = "<group>";
		};
		E8F2180E282F479D00F60A1E /* BolttechAppUITests */ = {
			isa = PBXGroup;
			children = (
				E8F2180F282F479D00F60A1E /* BolttechAppUITests.swift */,
				E8F21811282F479D00F60A1E /* BolttechAppUITestsLaunchTests.swift */,
			);
			path = BolttechAppUITests;
			sourceTree = "<group>";
		};
/* End PBXGroup section */

/* Begin PBXNativeTarget section */
		E8F217E7282F479B00F60A1E /* BolttechApp */ = {
			isa = PBXNativeTarget;
			buildConfigurationList = E8F21815282F479D00F60A1E /* Build configuration list for PBXNativeTarget "BolttechApp" */;
			buildPhases = (
				E8F217E4282F479B00F60A1E /* Sources */,
				E8F217E5282F479B00F60A1E /* Frameworks */,
				E8F217E6282F479B00F60A1E /* Resources */,
			);
			buildRules = (
			);
			dependencies = (
			);
			name = BolttechApp;
			packageProductDependencies = (
				E8675D992830B76900D5D7C0 /* Auth0 */,
			);
			productName = BolttechApp;
			productReference = E8F217E8282F479B00F60A1E /* BolttechApp.app */;
			productType = "com.apple.product-type.application";
		};
		E8F21800282F479D00F60A1E /* BolttechAppTests */ = {
			isa = PBXNativeTarget;
			buildConfigurationList = E8F21818282F479D00F60A1E /* Build configuration list for PBXNativeTarget "BolttechAppTests" */;
			buildPhases = (
				E8F217FD282F479D00F60A1E /* Sources */,
				E8F217FE282F479D00F60A1E /* Frameworks */,
				E8F217FF282F479D00F60A1E /* Resources */,
			);
			buildRules = (
			);
			dependencies = (
				E8F21803282F479D00F60A1E /* PBXTargetDependency */,
			);
			name = BolttechAppTests;
			productName = BolttechAppTests;
			productReference = E8F21801282F479D00F60A1E /* BolttechAppTests.xctest */;
			productType = "com.apple.product-type.bundle.unit-test";
		};
		E8F2180A282F479D00F60A1E /* BolttechAppUITests */ = {
			isa = PBXNativeTarget;
			buildConfigurationList = E8F2181B282F479D00F60A1E /* Build configuration list for PBXNativeTarget "BolttechAppUITests" */;
			buildPhases = (
				E8F21807282F479D00F60A1E /* Sources */,
				E8F21808282F479D00F60A1E /* Frameworks */,
				E8F21809282F479D00F60A1E /* Resources */,
			);
			buildRules = (
			);
			dependencies = (
				E8F2180D282F479D00F60A1E /* PBXTargetDependency */,
			);
			name = BolttechAppUITests;
			productName = BolttechAppUITests;
			productReference = E8F2180B282F479D00F60A1E /* BolttechAppUITests.xctest */;
			productType = "com.apple.product-type.bundle.ui-testing";
		};
/* End PBXNativeTarget section */

/* Begin PBXProject section */
		E8F217E0282F479B00F60A1E /* Project object */ = {
			isa = PBXProject;
			attributes = {
				BuildIndependentTargetsInParallel = 1;
				LastSwiftUpdateCheck = 1320;
				LastUpgradeCheck = 1320;
				TargetAttributes = {
					E8F217E7282F479B00F60A1E = {
						CreatedOnToolsVersion = 13.2.1;
					};
					E8F21800282F479D00F60A1E = {
						CreatedOnToolsVersion = 13.2.1;
						TestTargetID = E8F217E7282F479B00F60A1E;
					};
					E8F2180A282F479D00F60A1E = {
						CreatedOnToolsVersion = 13.2.1;
						TestTargetID = E8F217E7282F479B00F60A1E;
					};
				};
			};
			buildConfigurationList = E8F217E3282F479B00F60A1E /* Build configuration list for PBXProject "BolttechApp" */;
			compatibilityVersion = "Xcode 13.0";
			developmentRegion = en;
			hasScannedForEncodings = 0;
			knownRegions = (
				en,
				Base,
			);
			mainGroup = E8F217DF282F479B00F60A1E;
			packageReferences = (
				E8675D982830B76900D5D7C0 /* XCRemoteSwiftPackageReference "Auth0" */,
			);
			productRefGroup = E8F217E9282F479B00F60A1E /* Products */;
			projectDirPath = "";
			projectRoot = "";
			targets = (
				E8F217E7282F479B00F60A1E /* BolttechApp */,
				E8F21800282F479D00F60A1E /* BolttechAppTests */,
				E8F2180A282F479D00F60A1E /* BolttechAppUITests */,
			);
		};
/* End PBXProject section */

/* Begin PBXResourcesBuildPhase section */
		E8F217E6282F479B00F60A1E /* Resources */ = {
			isa = PBXResourcesBuildPhase;
			buildActionMask = 2147483647;
			files = (
				E8F217FB282F479D00F60A1E /* LaunchScreen.storyboard in Resources */,
				E8F217F8282F479D00F60A1E /* Assets.xcassets in Resources */,
				E8F217F3282F479B00F60A1E /* Main.storyboard in Resources */,
				E8675D9C2830B96C00D5D7C0 /* Auth0.plist in Resources */,
			);
			runOnlyForDeploymentPostprocessing = 0;
		};
		E8F217FF282F479D00F60A1E /* Resources */ = {
			isa = PBXResourcesBuildPhase;
			buildActionMask = 2147483647;
			files = (
			);
			runOnlyForDeploymentPostprocessing = 0;
		};
		E8F21809282F479D00F60A1E /* Resources */ = {
			isa = PBXResourcesBuildPhase;
			buildActionMask = 2147483647;
			files = (
			);
			runOnlyForDeploymentPostprocessing = 0;
		};
/* End PBXResourcesBuildPhase section */

/* Begin PBXSourcesBuildPhase section */
		E8F217E4282F479B00F60A1E /* Sources */ = {
			isa = PBXSourcesBuildPhase;
			buildActionMask = 2147483647;
			files = (
				E8675DA22830BC1600D5D7C0 /* UsersUseCase.swift in Sources */,
				E8675DA42830BC2400D5D7C0 /* UsersRepository.swift in Sources */,
				E8F217F0282F479B00F60A1E /* ViewController.swift in Sources */,
				E8675DA62830BC3D00D5D7C0 /* UsersNetworkService.swift in Sources */,
				E8675DB02830C84700D5D7C0 /* UIViewController+Extension.swift in Sources */,
				E8675DA02830BC0500D5D7C0 /* UsersViewModel.swift in Sources */,
				E8675DAD2830BF1F00D5D7C0 /* APIConstant.swift in Sources */,
				E8675DA82830BC5100D5D7C0 /* UsersDM.swift in Sources */,
				E8675DAB2830BF1400D5D7C0 /* BTConfiguration.swift in Sources */,
				E8F217EC282F479B00F60A1E /* AppDelegate.swift in Sources */,
				E8675D952830B65D00D5D7C0 /* APIHandler.swift in Sources */,
				E8F217F6282F479B00F60A1E /* BolttechApp.xcdatamodeld in Sources */,
				E8F217EE282F479B00F60A1E /* SceneDelegate.swift in Sources */,
				E8675D972830B67000D5D7C0 /* APILoader.swift in Sources */,
			);
			runOnlyForDeploymentPostprocessing = 0;
		};
		E8F217FD282F479D00F60A1E /* Sources */ = {
			isa = PBXSourcesBuildPhase;
			buildActionMask = 2147483647;
			files = (
				E8F21806282F479D00F60A1E /* BolttechAppTests.swift in Sources */,
			);
			runOnlyForDeploymentPostprocessing = 0;
		};
		E8F21807282F479D00F60A1E /* Sources */ = {
			isa = PBXSourcesBuildPhase;
			buildActionMask = 2147483647;
			files = (
				E8F21810282F479D00F60A1E /* BolttechAppUITests.swift in Sources */,
				E8F21812282F479D00F60A1E /* BolttechAppUITestsLaunchTests.swift in Sources */,
			);
			runOnlyForDeploymentPostprocessing = 0;
		};
/* End PBXSourcesBuildPhase section */

/* Begin PBXTargetDependency section */
		E8F21803282F479D00F60A1E /* PBXTargetDependency */ = {
			isa = PBXTargetDependency;
			target = E8F217E7282F479B00F60A1E /* BolttechApp */;
			targetProxy = E8F21802282F479D00F60A1E /* PBXContainerItemProxy */;
		};
		E8F2180D282F479D00F60A1E /* PBXTargetDependency */ = {
			isa = PBXTargetDependency;
			target = E8F217E7282F479B00F60A1E /* BolttechApp */;
			targetProxy = E8F2180C282F479D00F60A1E /* PBXContainerItemProxy */;
		};
/* End PBXTargetDependency section */

/* Begin PBXVariantGroup section */
		E8F217F1282F479B00F60A1E /* Main.storyboard */ = {
			isa = PBXVariantGroup;
			children = (
				E8F217F2282F479B00F60A1E /* Base */,
			);
			name = Main.storyboard;
			sourceTree = "<group>";
		};
		E8F217F9282F479D00F60A1E /* LaunchScreen.storyboard */ = {
			isa = PBXVariantGroup;
			children = (
				E8F217FA282F479D00F60A1E /* Base */,
			);
			name = LaunchScreen.storyboard;
			sourceTree = "<group>";
		};
/* End PBXVariantGroup section */

/* Begin XCBuildConfiguration section */
		E8F21813282F479D00F60A1E /* Debug */ = {
			isa = XCBuildConfiguration;
			buildSettings = {
				ALWAYS_SEARCH_USER_PATHS = NO;
				CLANG_ANALYZER_NONNULL = YES;
				CLANG_ANALYZER_NUMBER_OBJECT_CONVERSION = YES_AGGRESSIVE;
				CLANG_CXX_LANGUAGE_STANDARD = "gnu++17";
				CLANG_CXX_LIBRARY = "libc++";
				CLANG_ENABLE_MODULES = YES;
				CLANG_ENABLE_OBJC_ARC = YES;
				CLANG_ENABLE_OBJC_WEAK = YES;
				CLANG_WARN_BLOCK_CAPTURE_AUTORELEASING = YES;
				CLANG_WARN_BOOL_CONVERSION = YES;
				CLANG_WARN_COMMA = YES;
				CLANG_WARN_CONSTANT_CONVERSION = YES;
				CLANG_WARN_DEPRECATED_OBJC_IMPLEMENTATIONS = YES;
				CLANG_WARN_DIRECT_OBJC_ISA_USAGE = YES_ERROR;
				CLANG_WARN_DOCUMENTATION_COMMENTS = YES;
				CLANG_WARN_EMPTY_BODY = YES;
				CLANG_WARN_ENUM_CONVERSION = YES;
				CLANG_WARN_INFINITE_RECURSION = YES;
				CLANG_WARN_INT_CONVERSION = YES;
				CLANG_WARN_NON_LITERAL_NULL_CONVERSION = YES;
				CLANG_WARN_OBJC_IMPLICIT_RETAIN_SELF = YES;
				CLANG_WARN_OBJC_LITERAL_CONVERSION = YES;
				CLANG_WARN_OBJC_ROOT_CLASS = YES_ERROR;
				CLANG_WARN_QUOTED_INCLUDE_IN_FRAMEWORK_HEADER = YES;
				CLANG_WARN_RANGE_LOOP_ANALYSIS = YES;
				CLANG_WARN_STRICT_PROTOTYPES = YES;
				CLANG_WARN_SUSPICIOUS_MOVE = YES;
				CLANG_WARN_UNGUARDED_AVAILABILITY = YES_AGGRESSIVE;
				CLANG_WARN_UNREACHABLE_CODE = YES;
				CLANG_WARN__DUPLICATE_METHOD_MATCH = YES;
				COPY_PHASE_STRIP = NO;
				DEBUG_INFORMATION_FORMAT = dwarf;
				ENABLE_STRICT_OBJC_MSGSEND = YES;
				ENABLE_TESTABILITY = YES;
				GCC_C_LANGUAGE_STANDARD = gnu11;
				GCC_DYNAMIC_NO_PIC = NO;
				GCC_NO_COMMON_BLOCKS = YES;
				GCC_OPTIMIZATION_LEVEL = 0;
				GCC_PREPROCESSOR_DEFINITIONS = (
					"DEBUG=1",
					"$(inherited)",
				);
				GCC_WARN_64_TO_32_BIT_CONVERSION = YES;
				GCC_WARN_ABOUT_RETURN_TYPE = YES_ERROR;
				GCC_WARN_UNDECLARED_SELECTOR = YES;
				GCC_WARN_UNINITIALIZED_AUTOS = YES_AGGRESSIVE;
				GCC_WARN_UNUSED_FUNCTION = YES;
				GCC_WARN_UNUSED_VARIABLE = YES;
				IPHONEOS_DEPLOYMENT_TARGET = 13.0;
				MTL_ENABLE_DEBUG_INFO = INCLUDE_SOURCE;
				MTL_FAST_MATH = YES;
				ONLY_ACTIVE_ARCH = YES;
				SDKROOT = iphoneos;
				SWIFT_ACTIVE_COMPILATION_CONDITIONS = DEBUG;
				SWIFT_OPTIMIZATION_LEVEL = "-Onone";
			};
			name = Debug;
		};
		E8F21814282F479D00F60A1E /* Release */ = {
			isa = XCBuildConfiguration;
			buildSettings = {
				ALWAYS_SEARCH_USER_PATHS = NO;
				CLANG_ANALYZER_NONNULL = YES;
				CLANG_ANALYZER_NUMBER_OBJECT_CONVERSION = YES_AGGRESSIVE;
				CLANG_CXX_LANGUAGE_STANDARD = "gnu++17";
				CLANG_CXX_LIBRARY = "libc++";
				CLANG_ENABLE_MODULES = YES;
				CLANG_ENABLE_OBJC_ARC = YES;
				CLANG_ENABLE_OBJC_WEAK = YES;
				CLANG_WARN_BLOCK_CAPTURE_AUTORELEASING = YES;
				CLANG_WARN_BOOL_CONVERSION = YES;
				CLANG_WARN_COMMA = YES;
				CLANG_WARN_CONSTANT_CONVERSION = YES;
				CLANG_WARN_DEPRECATED_OBJC_IMPLEMENTATIONS = YES;
				CLANG_WARN_DIRECT_OBJC_ISA_USAGE = YES_ERROR;
				CLANG_WARN_DOCUMENTATION_COMMENTS = YES;
				CLANG_WARN_EMPTY_BODY = YES;
				CLANG_WARN_ENUM_CONVERSION = YES;
				CLANG_WARN_INFINITE_RECURSION = YES;
				CLANG_WARN_INT_CONVERSION = YES;
				CLANG_WARN_NON_LITERAL_NULL_CONVERSION = YES;
				CLANG_WARN_OBJC_IMPLICIT_RETAIN_SELF = YES;
				CLANG_WARN_OBJC_LITERAL_CONVERSION = YES;
				CLANG_WARN_OBJC_ROOT_CLASS = YES_ERROR;
				CLANG_WARN_QUOTED_INCLUDE_IN_FRAMEWORK_HEADER = YES;
				CLANG_WARN_RANGE_LOOP_ANALYSIS = YES;
				CLANG_WARN_STRICT_PROTOTYPES = YES;
				CLANG_WARN_SUSPICIOUS_MOVE = YES;
				CLANG_WARN_UNGUARDED_AVAILABILITY = YES_AGGRESSIVE;
				CLANG_WARN_UNREACHABLE_CODE = YES;
				CLANG_WARN__DUPLICATE_METHOD_MATCH = YES;
				COPY_PHASE_STRIP = NO;
				DEBUG_INFORMATION_FORMAT = "dwarf-with-dsym";
				ENABLE_NS_ASSERTIONS = NO;
				ENABLE_STRICT_OBJC_MSGSEND = YES;
				GCC_C_LANGUAGE_STANDARD = gnu11;
				GCC_NO_COMMON_BLOCKS = YES;
				GCC_WARN_64_TO_32_BIT_CONVERSION = YES;
				GCC_WARN_ABOUT_RETURN_TYPE = YES_ERROR;
				GCC_WARN_UNDECLARED_SELECTOR = YES;
				GCC_WARN_UNINITIALIZED_AUTOS = YES_AGGRESSIVE;
				GCC_WARN_UNUSED_FUNCTION = YES;
				GCC_WARN_UNUSED_VARIABLE = YES;
				IPHONEOS_DEPLOYMENT_TARGET = 13.0;
				MTL_ENABLE_DEBUG_INFO = NO;
				MTL_FAST_MATH = YES;
				SDKROOT = iphoneos;
				SWIFT_COMPILATION_MODE = wholemodule;
				SWIFT_OPTIMIZATION_LEVEL = "-O";
				VALIDATE_PRODUCT = YES;
			};
			name = Release;
		};
		E8F21816282F479D00F60A1E /* Debug */ = {
			isa = XCBuildConfiguration;
			buildSettings = {
				ASSETCATALOG_COMPILER_APPICON_NAME = AppIcon;
				ASSETCATALOG_COMPILER_GLOBAL_ACCENT_COLOR_NAME = AccentColor;
				CODE_SIGN_STYLE = Automatic;
				CURRENT_PROJECT_VERSION = 1;
				DEVELOPMENT_TEAM = RCW5R3MJZ2;
				GENERATE_INFOPLIST_FILE = YES;
				INFOPLIST_FILE = BolttechApp/Info.plist;
				INFOPLIST_KEY_UIApplicationSupportsIndirectInputEvents = YES;
				INFOPLIST_KEY_UILaunchStoryboardName = LaunchScreen;
				INFOPLIST_KEY_UIMainStoryboardFile = Main;
				INFOPLIST_KEY_UISupportedInterfaceOrientations_iPad = "UIInterfaceOrientationPortrait UIInterfaceOrientationPortraitUpsideDown UIInterfaceOrientationLandscapeLeft UIInterfaceOrientationLandscapeRight";
				INFOPLIST_KEY_UISupportedInterfaceOrientations_iPhone = "UIInterfaceOrientationPortrait UIInterfaceOrientationLandscapeLeft UIInterfaceOrientationLandscapeRight";
				IPHONEOS_DEPLOYMENT_TARGET = 13.0;
				LD_RUNPATH_SEARCH_PATHS = (
					"$(inherited)",
					"@executable_path/Frameworks",
				);
				MARKETING_VERSION = 1.0;
				PRODUCT_BUNDLE_IDENTIFIER = com.company.myapp;
				PRODUCT_NAME = "$(TARGET_NAME)";
				SWIFT_EMIT_LOC_STRINGS = YES;
				SWIFT_VERSION = 5.0;
				TARGETED_DEVICE_FAMILY = "1,2";
			};
			name = Debug;
		};
		E8F21817282F479D00F60A1E /* Release */ = {
			isa = XCBuildConfiguration;
			buildSettings = {
				ASSETCATALOG_COMPILER_APPICON_NAME = AppIcon;
				ASSETCATALOG_COMPILER_GLOBAL_ACCENT_COLOR_NAME = AccentColor;
				CODE_SIGN_STYLE = Automatic;
				CURRENT_PROJECT_VERSION = 1;
				DEVELOPMENT_TEAM = RCW5R3MJZ2;
				GENERATE_INFOPLIST_FILE = YES;
				INFOPLIST_FILE = BolttechApp/Info.plist;
				INFOPLIST_KEY_UIApplicationSupportsIndirectInputEvents = YES;
				INFOPLIST_KEY_UILaunchStoryboardName = LaunchScreen;
				INFOPLIST_KEY_UIMainStoryboardFile = Main;
				INFOPLIST_KEY_UISupportedInterfaceOrientations_iPad = "UIInterfaceOrientationPortrait UIInterfaceOrientationPortraitUpsideDown UIInterfaceOrientationLandscapeLeft UIInterfaceOrientationLandscapeRight";
				INFOPLIST_KEY_UISupportedInterfaceOrientations_iPhone = "UIInterfaceOrientationPortrait UIInterfaceOrientationLandscapeLeft UIInterfaceOrientationLandscapeRight";
				IPHONEOS_DEPLOYMENT_TARGET = 13.0;
				LD_RUNPATH_SEARCH_PATHS = (
					"$(inherited)",
					"@executable_path/Frameworks",
				);
				MARKETING_VERSION = 1.0;
				PRODUCT_BUNDLE_IDENTIFIER = com.company.myapp;
				PRODUCT_NAME = "$(TARGET_NAME)";
				SWIFT_EMIT_LOC_STRINGS = YES;
				SWIFT_VERSION = 5.0;
				TARGETED_DEVICE_FAMILY = "1,2";
			};
			name = Release;
		};
		E8F21819282F479D00F60A1E /* Debug */ = {
			isa = XCBuildConfiguration;
			buildSettings = {
				ALWAYS_EMBED_SWIFT_STANDARD_LIBRARIES = YES;
				BUNDLE_LOADER = "$(TEST_HOST)";
				CODE_SIGN_STYLE = Automatic;
				CURRENT_PROJECT_VERSION = 1;
				DEVELOPMENT_TEAM = RCW5R3MJZ2;
				GENERATE_INFOPLIST_FILE = YES;
				IPHONEOS_DEPLOYMENT_TARGET = 15.2;
				MARKETING_VERSION = 1.0;
				PRODUCT_BUNDLE_IDENTIFIER = com.company.myappTests;
				PRODUCT_NAME = "$(TARGET_NAME)";
				SWIFT_EMIT_LOC_STRINGS = NO;
				SWIFT_VERSION = 5.0;
				TARGETED_DEVICE_FAMILY = "1,2";
				TEST_HOST = "$(BUILT_PRODUCTS_DIR)/BolttechApp.app/BolttechApp";
			};
			name = Debug;
		};
		E8F2181A282F479D00F60A1E /* Release */ = {
			isa = XCBuildConfiguration;
			buildSettings = {
				ALWAYS_EMBED_SWIFT_STANDARD_LIBRARIES = YES;
				BUNDLE_LOADER = "$(TEST_HOST)";
				CODE_SIGN_STYLE = Automatic;
				CURRENT_PROJECT_VERSION = 1;
				DEVELOPMENT_TEAM = RCW5R3MJZ2;
				GENERATE_INFOPLIST_FILE = YES;
				IPHONEOS_DEPLOYMENT_TARGET = 15.2;
				MARKETING_VERSION = 1.0;
				PRODUCT_BUNDLE_IDENTIFIER = com.company.myappTests;
				PRODUCT_NAME = "$(TARGET_NAME)";
				SWIFT_EMIT_LOC_STRINGS = NO;
				SWIFT_VERSION = 5.0;
				TARGETED_DEVICE_FAMILY = "1,2";
				TEST_HOST = "$(BUILT_PRODUCTS_DIR)/BolttechApp.app/BolttechApp";
			};
			name = Release;
		};
		E8F2181C282F479D00F60A1E /* Debug */ = {
			isa = XCBuildConfiguration;
			buildSettings = {
				ALWAYS_EMBED_SWIFT_STANDARD_LIBRARIES = YES;
				CODE_SIGN_STYLE = Automatic;
				CURRENT_PROJECT_VERSION = 1;
				DEVELOPMENT_TEAM = RCW5R3MJZ2;
				GENERATE_INFOPLIST_FILE = YES;
				MARKETING_VERSION = 1.0;
				PRODUCT_BUNDLE_IDENTIFIER = com.company.myappUITests;
				PRODUCT_NAME = "$(TARGET_NAME)";
				SWIFT_EMIT_LOC_STRINGS = NO;
				SWIFT_VERSION = 5.0;
				TARGETED_DEVICE_FAMILY = "1,2";
				TEST_TARGET_NAME = BolttechApp;
			};
			name = Debug;
		};
		E8F2181D282F479D00F60A1E /* Release */ = {
			isa = XCBuildConfiguration;
			buildSettings = {
				ALWAYS_EMBED_SWIFT_STANDARD_LIBRARIES = YES;
				CODE_SIGN_STYLE = Automatic;
				CURRENT_PROJECT_VERSION = 1;
				DEVELOPMENT_TEAM = RCW5R3MJZ2;
				GENERATE_INFOPLIST_FILE = YES;
				MARKETING_VERSION = 1.0;
				PRODUCT_BUNDLE_IDENTIFIER = com.company.myappUITests;
				PRODUCT_NAME = "$(TARGET_NAME)";
				SWIFT_EMIT_LOC_STRINGS = NO;
				SWIFT_VERSION = 5.0;
				TARGETED_DEVICE_FAMILY = "1,2";
				TEST_TARGET_NAME = BolttechApp;
			};
			name = Release;
		};
/* End XCBuildConfiguration section */

/* Begin XCConfigurationList section */
		E8F217E3282F479B00F60A1E /* Build configuration list for PBXProject "BolttechApp" */ = {
			isa = XCConfigurationList;
			buildConfigurations = (
				E8F21813282F479D00F60A1E /* Debug */,
				E8F21814282F479D00F60A1E /* Release */,
			);
			defaultConfigurationIsVisible = 0;
			defaultConfigurationName = Release;
		};
		E8F21815282F479D00F60A1E /* Build configuration list for PBXNativeTarget "BolttechApp" */ = {
			isa = XCConfigurationList;
			buildConfigurations = (
				E8F21816282F479D00F60A1E /* Debug */,
				E8F21817282F479D00F60A1E /* Release */,
			);
			defaultConfigurationIsVisible = 0;
			defaultConfigurationName = Release;
		};
		E8F21818282F479D00F60A1E /* Build configuration list for PBXNativeTarget "BolttechAppTests" */ = {
			isa = XCConfigurationList;
			buildConfigurations = (
				E8F21819282F479D00F60A1E /* Debug */,
				E8F2181A282F479D00F60A1E /* Release */,
			);
			defaultConfigurationIsVisible = 0;
			defaultConfigurationName = Release;
		};
		E8F2181B282F479D00F60A1E /* Build configuration list for PBXNativeTarget "BolttechAppUITests" */ = {
			isa = XCConfigurationList;
			buildConfigurations = (
				E8F2181C282F479D00F60A1E /* Debug */,
				E8F2181D282F479D00F60A1E /* Release */,
			);
			defaultConfigurationIsVisible = 0;
			defaultConfigurationName = Release;
		};
/* End XCConfigurationList section */

/* Begin XCRemoteSwiftPackageReference section */
		E8675D982830B76900D5D7C0 /* XCRemoteSwiftPackageReference "Auth0" */ = {
			isa = XCRemoteSwiftPackageReference;
			repositoryURL = "https://github.com/auth0/Auth0.swift";
			requirement = {
				branch = master;
				kind = branch;
			};
		};
/* End XCRemoteSwiftPackageReference section */

/* Begin XCSwiftPackageProductDependency section */
		E8675D992830B76900D5D7C0 /* Auth0 */ = {
			isa = XCSwiftPackageProductDependency;
			package = E8675D982830B76900D5D7C0 /* XCRemoteSwiftPackageReference "Auth0" */;
			productName = Auth0;
		};
/* End XCSwiftPackageProductDependency section */

/* Begin XCVersionGroup section */
		E8F217F4282F479B00F60A1E /* BolttechApp.xcdatamodeld */ = {
			isa = XCVersionGroup;
			children = (
				E8F217F5282F479B00F60A1E /* BolttechApp.xcdatamodel */,
			);
			currentVersion = E8F217F5282F479B00F60A1E /* BolttechApp.xcdatamodel */;
			path = BolttechApp.xcdatamodeld;
			sourceTree = "<group>";
			versionGroupType = wrapper.xcdatamodel;
		};
/* End XCVersionGroup section */
	};
	rootObject = E8F217E0282F479B00F60A1E /* Project object */;
}
